
Microsoft Visual Studio Solution File, Format Version 12.00
# Visual Studio Version 16
VisualStudioVersion = 16.0.30717.126
MinimumVisualStudioVersion = 10.0.40219.1
Project("{FAE04EC0-301F-11D3-BF4B-00C04F79EFBC}") = "Uri1151", "Uri1151.csproj", "{7180AD5B-08C0-4F0D-A6E2-59FF90B71446}"
EndProject
Global
	GlobalSection(SolutionConfigurationPlatforms) = preSolution
		Debug|Any CPU = Debug|Any CPU
		Release|Any CPU = Release|Any CPU
	EndGlobalSection
	GlobalSection(ProjectConfigurationPlatforms) = postSolution
		{7180AD5B-08C0-4F0D-A6E2-59FF90B71446}.Debug|Any CPU.ActiveCfg = Debug|Any CPU
		{7180AD5B-08C0-4F0D-A6E2-59FF90B71446}.Debug|Any CPU.Build.0 = Debug|Any CPU
		{7180AD5B-08C0-4F0D-A6E2-59FF90B71446}.Release|Any CPU.ActiveCfg = Release|Any CPU
		{7180AD5B-08C0-4F0D-A6E2-59FF90B71446}.Release|Any CPU.Build.0 = Release|Any CPU
	EndGlobalSection
	GlobalSection(SolutionProperties) = preSolution
		HideSolutionNode = FALSE
	EndGlobalSection
	GlobalSection(ExtensibilityGlobals) = postSolution
		SolutionGuid = {C1C1BDAD-8916-4647-8E6B-F659B1074699}
	EndGlobalSection
EndGlobal
