
Microsoft Visual Studio Solution File, Format Version 12.00
# Visual Studio Version 16
VisualStudioVersion = 16.0.30320.27
MinimumVisualStudioVersion = 10.0.40219.1
Project("{9A19103F-16F7-4668-BE54-9A1E7A4F7556}") = "1003", "1003\1003.csproj", "{42B50D37-A61A-4444-BD9C-8689F8598815}"
EndProject
Project("{9A19103F-16F7-4668-BE54-9A1E7A4F7556}") = "1004", "1004\1004.csproj", "{A4435EF7-6430-409D-B884-D18DE00AD19E}"
EndProject
Project("{9A19103F-16F7-4668-BE54-9A1E7A4F7556}") = "1005", "1005\1005.csproj", "{612F927A-C0DE-4BBB-BB19-A786A4717E2A}"
EndProject
Project("{9A19103F-16F7-4668-BE54-9A1E7A4F7556}") = "1006", "1006\1006.csproj", "{C756241C-9AB4-4CBA-9B4B-FCF79AF8C821}"
EndProject
Project("{9A19103F-16F7-4668-BE54-9A1E7A4F7556}") = "1007b", "1007b\1007b.csproj", "{29883E70-388B-4D67-AF60-B6297CC5F7EC}"
EndProject
Project("{9A19103F-16F7-4668-BE54-9A1E7A4F7556}") = "1008", "1008\1008.csproj", "{CACC571A-9452-4933-9D8D-9CEA1D9A4EC1}"
EndProject
Project("{9A19103F-16F7-4668-BE54-9A1E7A4F7556}") = "1009", "1009\1009.csproj", "{4C474BBE-832B-44FB-9F13-ED5568AC7824}"
EndProject
Project("{9A19103F-16F7-4668-BE54-9A1E7A4F7556}") = "1010", "1010\1010.csproj", "{D0F51C62-C27C-4B2B-8CE8-E143C45C2252}"
EndProject
Project("{FAE04EC0-301F-11D3-BF4B-00C04F79EFBC}") = "1014", "1014\1014.csproj", "{2435BBE0-D08D-41E1-9BC1-C0A844050888}"
EndProject
Project("{FAE04EC0-301F-11D3-BF4B-00C04F79EFBC}") = "1016", "1016\1016.csproj", "{419AEAF4-2349-4BA9-8FB7-88541717EF49}"
EndProject
Project("{FAE04EC0-301F-11D3-BF4B-00C04F79EFBC}") = "1017", "1017\1017.csproj", "{A83C59BF-22E1-440B-B9B1-ABAD2A700C9D}"
EndProject
Project("{FAE04EC0-301F-11D3-BF4B-00C04F79EFBC}") = "ExRetangulo", "ExRetangulo\ExRetangulo.csproj", "{81FD5D1A-6490-4D51-8421-9486F522E1F2}"
EndProject
Project("{FAE04EC0-301F-11D3-BF4B-00C04F79EFBC}") = "ExResolvido03", "ExResolvido03\ExResolvido03.csproj", "{55B69EB0-149A-4362-973B-8CC3C86DD786}"
EndProject
Global
	GlobalSection(SolutionConfigurationPlatforms) = preSolution
		Debug|Any CPU = Debug|Any CPU
		Release|Any CPU = Release|Any CPU
	EndGlobalSection
	GlobalSection(ProjectConfigurationPlatforms) = postSolution
		{42B50D37-A61A-4444-BD9C-8689F8598815}.Debug|Any CPU.ActiveCfg = Debug|Any CPU
		{42B50D37-A61A-4444-BD9C-8689F8598815}.Debug|Any CPU.Build.0 = Debug|Any CPU
		{42B50D37-A61A-4444-BD9C-8689F8598815}.Release|Any CPU.ActiveCfg = Release|Any CPU
		{42B50D37-A61A-4444-BD9C-8689F8598815}.Release|Any CPU.Build.0 = Release|Any CPU
		{A4435EF7-6430-409D-B884-D18DE00AD19E}.Debug|Any CPU.ActiveCfg = Debug|Any CPU
		{A4435EF7-6430-409D-B884-D18DE00AD19E}.Debug|Any CPU.Build.0 = Debug|Any CPU
		{A4435EF7-6430-409D-B884-D18DE00AD19E}.Release|Any CPU.ActiveCfg = Release|Any CPU
		{A4435EF7-6430-409D-B884-D18DE00AD19E}.Release|Any CPU.Build.0 = Release|Any CPU
		{612F927A-C0DE-4BBB-BB19-A786A4717E2A}.Debug|Any CPU.ActiveCfg = Debug|Any CPU
		{612F927A-C0DE-4BBB-BB19-A786A4717E2A}.Debug|Any CPU.Build.0 = Debug|Any CPU
		{612F927A-C0DE-4BBB-BB19-A786A4717E2A}.Release|Any CPU.ActiveCfg = Release|Any CPU
		{612F927A-C0DE-4BBB-BB19-A786A4717E2A}.Release|Any CPU.Build.0 = Release|Any CPU
		{C756241C-9AB4-4CBA-9B4B-FCF79AF8C821}.Debug|Any CPU.ActiveCfg = Debug|Any CPU
		{C756241C-9AB4-4CBA-9B4B-FCF79AF8C821}.Debug|Any CPU.Build.0 = Debug|Any CPU
		{C756241C-9AB4-4CBA-9B4B-FCF79AF8C821}.Release|Any CPU.ActiveCfg = Release|Any CPU
		{C756241C-9AB4-4CBA-9B4B-FCF79AF8C821}.Release|Any CPU.Build.0 = Release|Any CPU
		{29883E70-388B-4D67-AF60-B6297CC5F7EC}.Debug|Any CPU.ActiveCfg = Debug|Any CPU
		{29883E70-388B-4D67-AF60-B6297CC5F7EC}.Debug|Any CPU.Build.0 = Debug|Any CPU
		{29883E70-388B-4D67-AF60-B6297CC5F7EC}.Release|Any CPU.ActiveCfg = Release|Any CPU
		{29883E70-388B-4D67-AF60-B6297CC5F7EC}.Release|Any CPU.Build.0 = Release|Any CPU
		{CACC571A-9452-4933-9D8D-9CEA1D9A4EC1}.Debug|Any CPU.ActiveCfg = Debug|Any CPU
		{CACC571A-9452-4933-9D8D-9CEA1D9A4EC1}.Debug|Any CPU.Build.0 = Debug|Any CPU
		{CACC571A-9452-4933-9D8D-9CEA1D9A4EC1}.Release|Any CPU.ActiveCfg = Release|Any CPU
		{CACC571A-9452-4933-9D8D-9CEA1D9A4EC1}.Release|Any CPU.Build.0 = Release|Any CPU
		{4C474BBE-832B-44FB-9F13-ED5568AC7824}.Debug|Any CPU.ActiveCfg = Debug|Any CPU
		{4C474BBE-832B-44FB-9F13-ED5568AC7824}.Debug|Any CPU.Build.0 = Debug|Any CPU
		{4C474BBE-832B-44FB-9F13-ED5568AC7824}.Release|Any CPU.ActiveCfg = Release|Any CPU
		{4C474BBE-832B-44FB-9F13-ED5568AC7824}.Release|Any CPU.Build.0 = Release|Any CPU
		{D0F51C62-C27C-4B2B-8CE8-E143C45C2252}.Debug|Any CPU.ActiveCfg = Debug|Any CPU
		{D0F51C62-C27C-4B2B-8CE8-E143C45C2252}.Debug|Any CPU.Build.0 = Debug|Any CPU
		{D0F51C62-C27C-4B2B-8CE8-E143C45C2252}.Release|Any CPU.ActiveCfg = Release|Any CPU
		{D0F51C62-C27C-4B2B-8CE8-E143C45C2252}.Release|Any CPU.Build.0 = Release|Any CPU
		{2435BBE0-D08D-41E1-9BC1-C0A844050888}.Debug|Any CPU.ActiveCfg = Debug|Any CPU
		{2435BBE0-D08D-41E1-9BC1-C0A844050888}.Debug|Any CPU.Build.0 = Debug|Any CPU
		{2435BBE0-D08D-41E1-9BC1-C0A844050888}.Release|Any CPU.ActiveCfg = Release|Any CPU
		{2435BBE0-D08D-41E1-9BC1-C0A844050888}.Release|Any CPU.Build.0 = Release|Any CPU
		{419AEAF4-2349-4BA9-8FB7-88541717EF49}.Debug|Any CPU.ActiveCfg = Debug|Any CPU
		{419AEAF4-2349-4BA9-8FB7-88541717EF49}.Debug|Any CPU.Build.0 = Debug|Any CPU
		{419AEAF4-2349-4BA9-8FB7-88541717EF49}.Release|Any CPU.ActiveCfg = Release|Any CPU
		{419AEAF4-2349-4BA9-8FB7-88541717EF49}.Release|Any CPU.Build.0 = Release|Any CPU
		{A83C59BF-22E1-440B-B9B1-ABAD2A700C9D}.Debug|Any CPU.ActiveCfg = Debug|Any CPU
		{A83C59BF-22E1-440B-B9B1-ABAD2A700C9D}.Debug|Any CPU.Build.0 = Debug|Any CPU
		{A83C59BF-22E1-440B-B9B1-ABAD2A700C9D}.Release|Any CPU.ActiveCfg = Release|Any CPU
		{A83C59BF-22E1-440B-B9B1-ABAD2A700C9D}.Release|Any CPU.Build.0 = Release|Any CPU
		{81FD5D1A-6490-4D51-8421-9486F522E1F2}.Debug|Any CPU.ActiveCfg = Debug|Any CPU
		{81FD5D1A-6490-4D51-8421-9486F522E1F2}.Debug|Any CPU.Build.0 = Debug|Any CPU
		{81FD5D1A-6490-4D51-8421-9486F522E1F2}.Release|Any CPU.ActiveCfg = Release|Any CPU
		{81FD5D1A-6490-4D51-8421-9486F522E1F2}.Release|Any CPU.Build.0 = Release|Any CPU
		{55B69EB0-149A-4362-973B-8CC3C86DD786}.Debug|Any CPU.ActiveCfg = Debug|Any CPU
		{55B69EB0-149A-4362-973B-8CC3C86DD786}.Debug|Any CPU.Build.0 = Debug|Any CPU
		{55B69EB0-149A-4362-973B-8CC3C86DD786}.Release|Any CPU.ActiveCfg = Release|Any CPU
		{55B69EB0-149A-4362-973B-8CC3C86DD786}.Release|Any CPU.Build.0 = Release|Any CPU
	EndGlobalSection
	GlobalSection(SolutionProperties) = preSolution
		HideSolutionNode = FALSE
	EndGlobalSection
	GlobalSection(ExtensibilityGlobals) = postSolution
		SolutionGuid = {6F74DD5B-6AB0-4140-A146-2A614A4C22A8}
	EndGlobalSection
EndGlobal
