
Microsoft Visual Studio Solution File, Format Version 12.00
# Visual Studio Version 16
VisualStudioVersion = 16.0.30611.23
MinimumVisualStudioVersion = 10.0.40219.1
Project("{FAE04EC0-301F-11D3-BF4B-00C04F79EFBC}") = "Uri1118", "Uri1118\Uri1118.csproj", "{3A9C7139-2F4E-45A2-99DB-44C3CEC244C0}"
EndProject
Global
	GlobalSection(SolutionConfigurationPlatforms) = preSolution
		Debug|Any CPU = Debug|Any CPU
		Release|Any CPU = Release|Any CPU
	EndGlobalSection
	GlobalSection(ProjectConfigurationPlatforms) = postSolution
		{3A9C7139-2F4E-45A2-99DB-44C3CEC244C0}.Debug|Any CPU.ActiveCfg = Debug|Any CPU
		{3A9C7139-2F4E-45A2-99DB-44C3CEC244C0}.Debug|Any CPU.Build.0 = Debug|Any CPU
		{3A9C7139-2F4E-45A2-99DB-44C3CEC244C0}.Release|Any CPU.ActiveCfg = Release|Any CPU
		{3A9C7139-2F4E-45A2-99DB-44C3CEC244C0}.Release|Any CPU.Build.0 = Release|Any CPU
	EndGlobalSection
	GlobalSection(SolutionProperties) = preSolution
		HideSolutionNode = FALSE
	EndGlobalSection
	GlobalSection(ExtensibilityGlobals) = postSolution
		SolutionGuid = {7C051237-F75E-49FD-B339-0E72937AED1A}
	EndGlobalSection
EndGlobal
