
Microsoft Visual Studio Solution File, Format Version 12.00
# Visual Studio Version 16
VisualStudioVersion = 16.0.30717.126
MinimumVisualStudioVersion = 10.0.40219.1
Project("{FAE04EC0-301F-11D3-BF4B-00C04F79EFBC}") = "Uri1132", "Uri1132.csproj", "{B7163E9E-2E32-4912-B638-5B6B6AA3ECEA}"
EndProject
Global
	GlobalSection(SolutionConfigurationPlatforms) = preSolution
		Debug|Any CPU = Debug|Any CPU
		Release|Any CPU = Release|Any CPU
	EndGlobalSection
	GlobalSection(ProjectConfigurationPlatforms) = postSolution
		{B7163E9E-2E32-4912-B638-5B6B6AA3ECEA}.Debug|Any CPU.ActiveCfg = Debug|Any CPU
		{B7163E9E-2E32-4912-B638-5B6B6AA3ECEA}.Debug|Any CPU.Build.0 = Debug|Any CPU
		{B7163E9E-2E32-4912-B638-5B6B6AA3ECEA}.Release|Any CPU.ActiveCfg = Release|Any CPU
		{B7163E9E-2E32-4912-B638-5B6B6AA3ECEA}.Release|Any CPU.Build.0 = Release|Any CPU
	EndGlobalSection
	GlobalSection(SolutionProperties) = preSolution
		HideSolutionNode = FALSE
	EndGlobalSection
	GlobalSection(ExtensibilityGlobals) = postSolution
		SolutionGuid = {D5958E62-6ADA-44E2-BA13-603C4A14F38F}
	EndGlobalSection
EndGlobal
