
Microsoft Visual Studio Solution File, Format Version 12.00
# Visual Studio Version 16
VisualStudioVersion = 16.0.30611.23
MinimumVisualStudioVersion = 10.0.40219.1
Project("{FAE04EC0-301F-11D3-BF4B-00C04F79EFBC}") = "Uri1134", "Uri1134\Uri1134.csproj", "{EB8468B0-DC1A-4F66-BE99-710E50C21521}"
EndProject
Global
	GlobalSection(SolutionConfigurationPlatforms) = preSolution
		Debug|Any CPU = Debug|Any CPU
		Release|Any CPU = Release|Any CPU
	EndGlobalSection
	GlobalSection(ProjectConfigurationPlatforms) = postSolution
		{EB8468B0-DC1A-4F66-BE99-710E50C21521}.Debug|Any CPU.ActiveCfg = Debug|Any CPU
		{EB8468B0-DC1A-4F66-BE99-710E50C21521}.Debug|Any CPU.Build.0 = Debug|Any CPU
		{EB8468B0-DC1A-4F66-BE99-710E50C21521}.Release|Any CPU.ActiveCfg = Release|Any CPU
		{EB8468B0-DC1A-4F66-BE99-710E50C21521}.Release|Any CPU.Build.0 = Release|Any CPU
	EndGlobalSection
	GlobalSection(SolutionProperties) = preSolution
		HideSolutionNode = FALSE
	EndGlobalSection
	GlobalSection(ExtensibilityGlobals) = postSolution
		SolutionGuid = {618827C4-E36E-4809-BC86-B4B00C2A7373}
	EndGlobalSection
EndGlobal
