
Microsoft Visual Studio Solution File, Format Version 12.00
# Visual Studio Version 16
VisualStudioVersion = 16.0.30611.23
MinimumVisualStudioVersion = 10.0.40219.1
Project("{FAE04EC0-301F-11D3-BF4B-00C04F79EFBC}") = "Uri1052", "Uri1052\Uri1052.csproj", "{61AB832B-93FB-4F67-8552-3B9F98BFDC47}"
EndProject
Global
	GlobalSection(SolutionConfigurationPlatforms) = preSolution
		Debug|Any CPU = Debug|Any CPU
		Release|Any CPU = Release|Any CPU
	EndGlobalSection
	GlobalSection(ProjectConfigurationPlatforms) = postSolution
		{61AB832B-93FB-4F67-8552-3B9F98BFDC47}.Debug|Any CPU.ActiveCfg = Debug|Any CPU
		{61AB832B-93FB-4F67-8552-3B9F98BFDC47}.Debug|Any CPU.Build.0 = Debug|Any CPU
		{61AB832B-93FB-4F67-8552-3B9F98BFDC47}.Release|Any CPU.ActiveCfg = Release|Any CPU
		{61AB832B-93FB-4F67-8552-3B9F98BFDC47}.Release|Any CPU.Build.0 = Release|Any CPU
	EndGlobalSection
	GlobalSection(SolutionProperties) = preSolution
		HideSolutionNode = FALSE
	EndGlobalSection
	GlobalSection(ExtensibilityGlobals) = postSolution
		SolutionGuid = {5618185B-9D6D-4BBE-8728-7BF212D80886}
	EndGlobalSection
EndGlobal
