
Microsoft Visual Studio Solution File, Format Version 12.00
# Visual Studio Version 16
VisualStudioVersion = 16.0.30717.126
MinimumVisualStudioVersion = 10.0.40219.1
Project("{FAE04EC0-301F-11D3-BF4B-00C04F79EFBC}") = "Uri1143", "Uri1143.csproj", "{5E099CD0-F39E-4CBE-9AEA-4A09E829E9F7}"
EndProject
Global
	GlobalSection(SolutionConfigurationPlatforms) = preSolution
		Debug|Any CPU = Debug|Any CPU
		Release|Any CPU = Release|Any CPU
	EndGlobalSection
	GlobalSection(ProjectConfigurationPlatforms) = postSolution
		{5E099CD0-F39E-4CBE-9AEA-4A09E829E9F7}.Debug|Any CPU.ActiveCfg = Debug|Any CPU
		{5E099CD0-F39E-4CBE-9AEA-4A09E829E9F7}.Debug|Any CPU.Build.0 = Debug|Any CPU
		{5E099CD0-F39E-4CBE-9AEA-4A09E829E9F7}.Release|Any CPU.ActiveCfg = Release|Any CPU
		{5E099CD0-F39E-4CBE-9AEA-4A09E829E9F7}.Release|Any CPU.Build.0 = Release|Any CPU
	EndGlobalSection
	GlobalSection(SolutionProperties) = preSolution
		HideSolutionNode = FALSE
	EndGlobalSection
	GlobalSection(ExtensibilityGlobals) = postSolution
		SolutionGuid = {26A8D33A-83EC-4E75-B7EC-E3466C7F4C15}
	EndGlobalSection
EndGlobal
