
Microsoft Visual Studio Solution File, Format Version 12.00
# Visual Studio Version 16
VisualStudioVersion = 16.0.30717.126
MinimumVisualStudioVersion = 10.0.40219.1
Project("{FAE04EC0-301F-11D3-BF4B-00C04F79EFBC}") = "Uri1067", "Uri1067.csproj", "{8F5C24F5-9AD2-40B4-8A53-159576E05667}"
EndProject
Global
	GlobalSection(SolutionConfigurationPlatforms) = preSolution
		Debug|Any CPU = Debug|Any CPU
		Release|Any CPU = Release|Any CPU
	EndGlobalSection
	GlobalSection(ProjectConfigurationPlatforms) = postSolution
		{8F5C24F5-9AD2-40B4-8A53-159576E05667}.Debug|Any CPU.ActiveCfg = Debug|Any CPU
		{8F5C24F5-9AD2-40B4-8A53-159576E05667}.Debug|Any CPU.Build.0 = Debug|Any CPU
		{8F5C24F5-9AD2-40B4-8A53-159576E05667}.Release|Any CPU.ActiveCfg = Release|Any CPU
		{8F5C24F5-9AD2-40B4-8A53-159576E05667}.Release|Any CPU.Build.0 = Release|Any CPU
	EndGlobalSection
	GlobalSection(SolutionProperties) = preSolution
		HideSolutionNode = FALSE
	EndGlobalSection
	GlobalSection(ExtensibilityGlobals) = postSolution
		SolutionGuid = {BC0D754F-9619-470D-97C4-6C3FA978342C}
	EndGlobalSection
EndGlobal
