
Microsoft Visual Studio Solution File, Format Version 12.00
# Visual Studio Version 16
VisualStudioVersion = 16.0.30517.126
MinimumVisualStudioVersion = 10.0.40219.1
Project("{FAE04EC0-301F-11D3-BF4B-00C04F79EFBC}") = "EverisHandOnWPF2", "EverisHandOnWPF2\EverisHandOnWPF2.csproj", "{F74D1395-882D-40EC-9281-2BA5FB78CF8F}"
EndProject
Global
	GlobalSection(SolutionConfigurationPlatforms) = preSolution
		Debug|Any CPU = Debug|Any CPU
		Release|Any CPU = Release|Any CPU
	EndGlobalSection
	GlobalSection(ProjectConfigurationPlatforms) = postSolution
		{F74D1395-882D-40EC-9281-2BA5FB78CF8F}.Debug|Any CPU.ActiveCfg = Debug|Any CPU
		{F74D1395-882D-40EC-9281-2BA5FB78CF8F}.Debug|Any CPU.Build.0 = Debug|Any CPU
		{F74D1395-882D-40EC-9281-2BA5FB78CF8F}.Release|Any CPU.ActiveCfg = Release|Any CPU
		{F74D1395-882D-40EC-9281-2BA5FB78CF8F}.Release|Any CPU.Build.0 = Release|Any CPU
	EndGlobalSection
	GlobalSection(SolutionProperties) = preSolution
		HideSolutionNode = FALSE
	EndGlobalSection
	GlobalSection(ExtensibilityGlobals) = postSolution
		SolutionGuid = {F7181030-E841-47D6-B695-0793C14E0F9E}
	EndGlobalSection
EndGlobal
