
Microsoft Visual Studio Solution File, Format Version 12.00
# Visual Studio Version 16
VisualStudioVersion = 16.0.30717.126
MinimumVisualStudioVersion = 10.0.40219.1
Project("{FAE04EC0-301F-11D3-BF4B-00C04F79EFBC}") = "Uri1153", "Uri1153.csproj", "{CDB88355-BB30-4FCF-8927-82399F9F2633}"
EndProject
Global
	GlobalSection(SolutionConfigurationPlatforms) = preSolution
		Debug|Any CPU = Debug|Any CPU
		Release|Any CPU = Release|Any CPU
	EndGlobalSection
	GlobalSection(ProjectConfigurationPlatforms) = postSolution
		{CDB88355-BB30-4FCF-8927-82399F9F2633}.Debug|Any CPU.ActiveCfg = Debug|Any CPU
		{CDB88355-BB30-4FCF-8927-82399F9F2633}.Debug|Any CPU.Build.0 = Debug|Any CPU
		{CDB88355-BB30-4FCF-8927-82399F9F2633}.Release|Any CPU.ActiveCfg = Release|Any CPU
		{CDB88355-BB30-4FCF-8927-82399F9F2633}.Release|Any CPU.Build.0 = Release|Any CPU
	EndGlobalSection
	GlobalSection(SolutionProperties) = preSolution
		HideSolutionNode = FALSE
	EndGlobalSection
	GlobalSection(ExtensibilityGlobals) = postSolution
		SolutionGuid = {F23A78CA-2BF5-41A1-933E-E073DDDFE5F7}
	EndGlobalSection
EndGlobal
