
Microsoft Visual Studio Solution File, Format Version 12.00
# Visual Studio Version 16
VisualStudioVersion = 16.0.30717.126
MinimumVisualStudioVersion = 10.0.40219.1
Project("{FAE04EC0-301F-11D3-BF4B-00C04F79EFBC}") = "Uri1142", "Uri1142.csproj", "{911AD89F-EF81-4A6B-8864-27AB479BC258}"
EndProject
Global
	GlobalSection(SolutionConfigurationPlatforms) = preSolution
		Debug|Any CPU = Debug|Any CPU
		Release|Any CPU = Release|Any CPU
	EndGlobalSection
	GlobalSection(ProjectConfigurationPlatforms) = postSolution
		{911AD89F-EF81-4A6B-8864-27AB479BC258}.Debug|Any CPU.ActiveCfg = Debug|Any CPU
		{911AD89F-EF81-4A6B-8864-27AB479BC258}.Debug|Any CPU.Build.0 = Debug|Any CPU
		{911AD89F-EF81-4A6B-8864-27AB479BC258}.Release|Any CPU.ActiveCfg = Release|Any CPU
		{911AD89F-EF81-4A6B-8864-27AB479BC258}.Release|Any CPU.Build.0 = Release|Any CPU
	EndGlobalSection
	GlobalSection(SolutionProperties) = preSolution
		HideSolutionNode = FALSE
	EndGlobalSection
	GlobalSection(ExtensibilityGlobals) = postSolution
		SolutionGuid = {3017F2EE-83D7-4A8F-A0C1-AD4F8E8CBFAC}
	EndGlobalSection
EndGlobal
