
Microsoft Visual Studio Solution File, Format Version 12.00
# Visual Studio Version 16
VisualStudioVersion = 16.0.30320.27
MinimumVisualStudioVersion = 10.0.40219.1
Project("{FAE04EC0-301F-11D3-BF4B-00C04F79EFBC}") = "AulaDepois1aula16", "AulaDepois1aula16\AulaDepois1aula16.csproj", "{05956D81-A9C4-4A2D-9B23-30C24C23BC1E}"
EndProject
Global
	GlobalSection(SolutionConfigurationPlatforms) = preSolution
		Debug|Any CPU = Debug|Any CPU
		Release|Any CPU = Release|Any CPU
	EndGlobalSection
	GlobalSection(ProjectConfigurationPlatforms) = postSolution
		{05956D81-A9C4-4A2D-9B23-30C24C23BC1E}.Debug|Any CPU.ActiveCfg = Debug|Any CPU
		{05956D81-A9C4-4A2D-9B23-30C24C23BC1E}.Debug|Any CPU.Build.0 = Debug|Any CPU
		{05956D81-A9C4-4A2D-9B23-30C24C23BC1E}.Release|Any CPU.ActiveCfg = Release|Any CPU
		{05956D81-A9C4-4A2D-9B23-30C24C23BC1E}.Release|Any CPU.Build.0 = Release|Any CPU
	EndGlobalSection
	GlobalSection(SolutionProperties) = preSolution
		HideSolutionNode = FALSE
	EndGlobalSection
	GlobalSection(ExtensibilityGlobals) = postSolution
		SolutionGuid = {B331AB37-95AB-4F0E-9DF5-405D52107FDD}
	EndGlobalSection
EndGlobal
