
Microsoft Visual Studio Solution File, Format Version 12.00
# Visual Studio Version 16
VisualStudioVersion = 16.0.30717.126
MinimumVisualStudioVersion = 10.0.40219.1
Project("{FAE04EC0-301F-11D3-BF4B-00C04F79EFBC}") = "Uri1073", "Uri1073.csproj", "{6042D127-16D8-43EC-BB99-ED67CD2A1FBE}"
EndProject
Global
	GlobalSection(SolutionConfigurationPlatforms) = preSolution
		Debug|Any CPU = Debug|Any CPU
		Release|Any CPU = Release|Any CPU
	EndGlobalSection
	GlobalSection(ProjectConfigurationPlatforms) = postSolution
		{6042D127-16D8-43EC-BB99-ED67CD2A1FBE}.Debug|Any CPU.ActiveCfg = Debug|Any CPU
		{6042D127-16D8-43EC-BB99-ED67CD2A1FBE}.Debug|Any CPU.Build.0 = Debug|Any CPU
		{6042D127-16D8-43EC-BB99-ED67CD2A1FBE}.Release|Any CPU.ActiveCfg = Release|Any CPU
		{6042D127-16D8-43EC-BB99-ED67CD2A1FBE}.Release|Any CPU.Build.0 = Release|Any CPU
	EndGlobalSection
	GlobalSection(SolutionProperties) = preSolution
		HideSolutionNode = FALSE
	EndGlobalSection
	GlobalSection(ExtensibilityGlobals) = postSolution
		SolutionGuid = {12578F22-F293-45F4-BDEF-B1DCD0BCD84F}
	EndGlobalSection
EndGlobal
