
Microsoft Visual Studio Solution File, Format Version 12.00
# Visual Studio Version 16
VisualStudioVersion = 16.0.30611.23
MinimumVisualStudioVersion = 10.0.40219.1
Project("{FAE04EC0-301F-11D3-BF4B-00C04F79EFBC}") = "Uri1041", "Uri1041\Uri1041.csproj", "{389E48EC-176B-4EED-88CE-B3DD13039C7D}"
EndProject
Global
	GlobalSection(SolutionConfigurationPlatforms) = preSolution
		Debug|Any CPU = Debug|Any CPU
		Release|Any CPU = Release|Any CPU
	EndGlobalSection
	GlobalSection(ProjectConfigurationPlatforms) = postSolution
		{389E48EC-176B-4EED-88CE-B3DD13039C7D}.Debug|Any CPU.ActiveCfg = Debug|Any CPU
		{389E48EC-176B-4EED-88CE-B3DD13039C7D}.Debug|Any CPU.Build.0 = Debug|Any CPU
		{389E48EC-176B-4EED-88CE-B3DD13039C7D}.Release|Any CPU.ActiveCfg = Release|Any CPU
		{389E48EC-176B-4EED-88CE-B3DD13039C7D}.Release|Any CPU.Build.0 = Release|Any CPU
	EndGlobalSection
	GlobalSection(SolutionProperties) = preSolution
		HideSolutionNode = FALSE
	EndGlobalSection
	GlobalSection(ExtensibilityGlobals) = postSolution
		SolutionGuid = {CE9A85F4-58EB-4598-B52C-6A2199815CC4}
	EndGlobalSection
EndGlobal
