
Microsoft Visual Studio Solution File, Format Version 12.00
# Visual Studio Version 16
VisualStudioVersion = 16.0.30523.141
MinimumVisualStudioVersion = 10.0.40219.1
Project("{FAE04EC0-301F-11D3-BF4B-00C04F79EFBC}") = "ExemploResolvido01b", "ExemploResolvido01b\ExemploResolvido01b.csproj", "{1065FFDD-AA38-48EE-9B47-63E928C36425}"
EndProject
Global
	GlobalSection(SolutionConfigurationPlatforms) = preSolution
		Debug|Any CPU = Debug|Any CPU
		Release|Any CPU = Release|Any CPU
	EndGlobalSection
	GlobalSection(ProjectConfigurationPlatforms) = postSolution
		{1065FFDD-AA38-48EE-9B47-63E928C36425}.Debug|Any CPU.ActiveCfg = Debug|Any CPU
		{1065FFDD-AA38-48EE-9B47-63E928C36425}.Debug|Any CPU.Build.0 = Debug|Any CPU
		{1065FFDD-AA38-48EE-9B47-63E928C36425}.Release|Any CPU.ActiveCfg = Release|Any CPU
		{1065FFDD-AA38-48EE-9B47-63E928C36425}.Release|Any CPU.Build.0 = Release|Any CPU
	EndGlobalSection
	GlobalSection(SolutionProperties) = preSolution
		HideSolutionNode = FALSE
	EndGlobalSection
	GlobalSection(ExtensibilityGlobals) = postSolution
		SolutionGuid = {47EB9D30-E019-476C-A16B-A2B793688284}
	EndGlobalSection
EndGlobal
