
Microsoft Visual Studio Solution File, Format Version 12.00
# Visual Studio Version 16
VisualStudioVersion = 16.0.30523.141
MinimumVisualStudioVersion = 10.0.40219.1
Project("{FAE04EC0-301F-11D3-BF4B-00C04F79EFBC}") = "Uri1038", "Uri1038\Uri1038.csproj", "{046D1BE9-7FBF-42F1-A311-E296C93F1DB3}"
EndProject
Global
	GlobalSection(SolutionConfigurationPlatforms) = preSolution
		Debug|Any CPU = Debug|Any CPU
		Release|Any CPU = Release|Any CPU
	EndGlobalSection
	GlobalSection(ProjectConfigurationPlatforms) = postSolution
		{046D1BE9-7FBF-42F1-A311-E296C93F1DB3}.Debug|Any CPU.ActiveCfg = Debug|Any CPU
		{046D1BE9-7FBF-42F1-A311-E296C93F1DB3}.Debug|Any CPU.Build.0 = Debug|Any CPU
		{046D1BE9-7FBF-42F1-A311-E296C93F1DB3}.Release|Any CPU.ActiveCfg = Release|Any CPU
		{046D1BE9-7FBF-42F1-A311-E296C93F1DB3}.Release|Any CPU.Build.0 = Release|Any CPU
	EndGlobalSection
	GlobalSection(SolutionProperties) = preSolution
		HideSolutionNode = FALSE
	EndGlobalSection
	GlobalSection(ExtensibilityGlobals) = postSolution
		SolutionGuid = {C7CB5784-8EF5-4880-B6A6-8F4ED4C7F1EF}
	EndGlobalSection
EndGlobal
