
Microsoft Visual Studio Solution File, Format Version 12.00
# Visual Studio Version 16
VisualStudioVersion = 16.0.30611.23
MinimumVisualStudioVersion = 10.0.40219.1
Project("{FAE04EC0-301F-11D3-BF4B-00C04F79EFBC}") = "Uri1045", "Uri1045\Uri1045.csproj", "{FCA6DC9B-5A23-4FD7-BBF7-B9FC96040F73}"
EndProject
Global
	GlobalSection(SolutionConfigurationPlatforms) = preSolution
		Debug|Any CPU = Debug|Any CPU
		Release|Any CPU = Release|Any CPU
	EndGlobalSection
	GlobalSection(ProjectConfigurationPlatforms) = postSolution
		{FCA6DC9B-5A23-4FD7-BBF7-B9FC96040F73}.Debug|Any CPU.ActiveCfg = Debug|Any CPU
		{FCA6DC9B-5A23-4FD7-BBF7-B9FC96040F73}.Debug|Any CPU.Build.0 = Debug|Any CPU
		{FCA6DC9B-5A23-4FD7-BBF7-B9FC96040F73}.Release|Any CPU.ActiveCfg = Release|Any CPU
		{FCA6DC9B-5A23-4FD7-BBF7-B9FC96040F73}.Release|Any CPU.Build.0 = Release|Any CPU
	EndGlobalSection
	GlobalSection(SolutionProperties) = preSolution
		HideSolutionNode = FALSE
	EndGlobalSection
	GlobalSection(ExtensibilityGlobals) = postSolution
		SolutionGuid = {73BDCD33-F748-4EC9-B79A-7CA8FEB49BC8}
	EndGlobalSection
EndGlobal
