
Microsoft Visual Studio Solution File, Format Version 12.00
# Visual Studio Version 16
VisualStudioVersion = 16.0.30611.23
MinimumVisualStudioVersion = 10.0.40219.1
Project("{FAE04EC0-301F-11D3-BF4B-00C04F79EFBC}") = "Uri1060", "Uri1060\Uri1060.csproj", "{C34FB0CA-D8F5-40A2-AC14-C6B10BBBAF49}"
EndProject
Global
	GlobalSection(SolutionConfigurationPlatforms) = preSolution
		Debug|Any CPU = Debug|Any CPU
		Release|Any CPU = Release|Any CPU
	EndGlobalSection
	GlobalSection(ProjectConfigurationPlatforms) = postSolution
		{C34FB0CA-D8F5-40A2-AC14-C6B10BBBAF49}.Debug|Any CPU.ActiveCfg = Debug|Any CPU
		{C34FB0CA-D8F5-40A2-AC14-C6B10BBBAF49}.Debug|Any CPU.Build.0 = Debug|Any CPU
		{C34FB0CA-D8F5-40A2-AC14-C6B10BBBAF49}.Release|Any CPU.ActiveCfg = Release|Any CPU
		{C34FB0CA-D8F5-40A2-AC14-C6B10BBBAF49}.Release|Any CPU.Build.0 = Release|Any CPU
	EndGlobalSection
	GlobalSection(SolutionProperties) = preSolution
		HideSolutionNode = FALSE
	EndGlobalSection
	GlobalSection(ExtensibilityGlobals) = postSolution
		SolutionGuid = {61BFCE20-9AF1-407F-A589-8AC9203C4E4D}
	EndGlobalSection
EndGlobal
