
Microsoft Visual Studio Solution File, Format Version 12.00
# Visual Studio Version 16
VisualStudioVersion = 16.0.30717.126
MinimumVisualStudioVersion = 10.0.40219.1
Project("{FAE04EC0-301F-11D3-BF4B-00C04F79EFBC}") = "Exemplo51DoWhile", "Exemplo51DoWhile.csproj", "{95BB5B96-FBBB-40CA-B4BE-B3FC905B6536}"
EndProject
Global
	GlobalSection(SolutionConfigurationPlatforms) = preSolution
		Debug|Any CPU = Debug|Any CPU
		Release|Any CPU = Release|Any CPU
	EndGlobalSection
	GlobalSection(ProjectConfigurationPlatforms) = postSolution
		{95BB5B96-FBBB-40CA-B4BE-B3FC905B6536}.Debug|Any CPU.ActiveCfg = Debug|Any CPU
		{95BB5B96-FBBB-40CA-B4BE-B3FC905B6536}.Debug|Any CPU.Build.0 = Debug|Any CPU
		{95BB5B96-FBBB-40CA-B4BE-B3FC905B6536}.Release|Any CPU.ActiveCfg = Release|Any CPU
		{95BB5B96-FBBB-40CA-B4BE-B3FC905B6536}.Release|Any CPU.Build.0 = Release|Any CPU
	EndGlobalSection
	GlobalSection(SolutionProperties) = preSolution
		HideSolutionNode = FALSE
	EndGlobalSection
	GlobalSection(ExtensibilityGlobals) = postSolution
		SolutionGuid = {5A89B30B-7069-45AC-AA99-C1B75EDD7202}
	EndGlobalSection
EndGlobal
