
Microsoft Visual Studio Solution File, Format Version 12.00
# Visual Studio Version 16
VisualStudioVersion = 16.0.30320.27
MinimumVisualStudioVersion = 10.0.40219.1
Project("{9A19103F-16F7-4668-BE54-9A1E7A4F7556}") = "aula17", "aula17\aula17.csproj", "{DDD60024-170B-4419-877B-116146CAA823}"
EndProject
Project("{9A19103F-16F7-4668-BE54-9A1E7A4F7556}") = "aula18", "..\aula18\aula18\aula18.csproj", "{0267D58C-60B0-43CB-B3D0-8CD6831C5C2C}"
EndProject
Global
	GlobalSection(SolutionConfigurationPlatforms) = preSolution
		Debug|Any CPU = Debug|Any CPU
		Release|Any CPU = Release|Any CPU
	EndGlobalSection
	GlobalSection(ProjectConfigurationPlatforms) = postSolution
		{DDD60024-170B-4419-877B-116146CAA823}.Debug|Any CPU.ActiveCfg = Debug|Any CPU
		{DDD60024-170B-4419-877B-116146CAA823}.Debug|Any CPU.Build.0 = Debug|Any CPU
		{DDD60024-170B-4419-877B-116146CAA823}.Release|Any CPU.ActiveCfg = Release|Any CPU
		{DDD60024-170B-4419-877B-116146CAA823}.Release|Any CPU.Build.0 = Release|Any CPU
		{0267D58C-60B0-43CB-B3D0-8CD6831C5C2C}.Debug|Any CPU.ActiveCfg = Debug|Any CPU
		{0267D58C-60B0-43CB-B3D0-8CD6831C5C2C}.Debug|Any CPU.Build.0 = Debug|Any CPU
		{0267D58C-60B0-43CB-B3D0-8CD6831C5C2C}.Release|Any CPU.ActiveCfg = Release|Any CPU
		{0267D58C-60B0-43CB-B3D0-8CD6831C5C2C}.Release|Any CPU.Build.0 = Release|Any CPU
	EndGlobalSection
	GlobalSection(SolutionProperties) = preSolution
		HideSolutionNode = FALSE
	EndGlobalSection
	GlobalSection(ExtensibilityGlobals) = postSolution
		SolutionGuid = {842D1596-81DA-49F0-92D3-620E5354A3FD}
	EndGlobalSection
EndGlobal
