
Microsoft Visual Studio Solution File, Format Version 12.00
# Visual Studio Version 16
VisualStudioVersion = 16.0.30717.126
MinimumVisualStudioVersion = 10.0.40219.1
Project("{FAE04EC0-301F-11D3-BF4B-00C04F79EFBC}") = "ExemploVetor", "ExemploVetor.csproj", "{FFBFF2EE-644A-4FAA-A66A-E9B6888E5A01}"
EndProject
Global
	GlobalSection(SolutionConfigurationPlatforms) = preSolution
		Debug|Any CPU = Debug|Any CPU
		Release|Any CPU = Release|Any CPU
	EndGlobalSection
	GlobalSection(ProjectConfigurationPlatforms) = postSolution
		{FFBFF2EE-644A-4FAA-A66A-E9B6888E5A01}.Debug|Any CPU.ActiveCfg = Debug|Any CPU
		{FFBFF2EE-644A-4FAA-A66A-E9B6888E5A01}.Debug|Any CPU.Build.0 = Debug|Any CPU
		{FFBFF2EE-644A-4FAA-A66A-E9B6888E5A01}.Release|Any CPU.ActiveCfg = Release|Any CPU
		{FFBFF2EE-644A-4FAA-A66A-E9B6888E5A01}.Release|Any CPU.Build.0 = Release|Any CPU
	EndGlobalSection
	GlobalSection(SolutionProperties) = preSolution
		HideSolutionNode = FALSE
	EndGlobalSection
	GlobalSection(ExtensibilityGlobals) = postSolution
		SolutionGuid = {4E94E3B2-08B2-4B0F-A961-45967EBBE416}
	EndGlobalSection
EndGlobal
