
Microsoft Visual Studio Solution File, Format Version 12.00
# Visual Studio Version 16
VisualStudioVersion = 16.0.30611.23
MinimumVisualStudioVersion = 10.0.40219.1
Project("{FAE04EC0-301F-11D3-BF4B-00C04F79EFBC}") = "URI1050", "URI1050\URI1050.csproj", "{4300D7DE-A2E4-483E-98E9-77491C79FB5E}"
EndProject
Global
	GlobalSection(SolutionConfigurationPlatforms) = preSolution
		Debug|Any CPU = Debug|Any CPU
		Release|Any CPU = Release|Any CPU
	EndGlobalSection
	GlobalSection(ProjectConfigurationPlatforms) = postSolution
		{4300D7DE-A2E4-483E-98E9-77491C79FB5E}.Debug|Any CPU.ActiveCfg = Debug|Any CPU
		{4300D7DE-A2E4-483E-98E9-77491C79FB5E}.Debug|Any CPU.Build.0 = Debug|Any CPU
		{4300D7DE-A2E4-483E-98E9-77491C79FB5E}.Release|Any CPU.ActiveCfg = Release|Any CPU
		{4300D7DE-A2E4-483E-98E9-77491C79FB5E}.Release|Any CPU.Build.0 = Release|Any CPU
	EndGlobalSection
	GlobalSection(SolutionProperties) = preSolution
		HideSolutionNode = FALSE
	EndGlobalSection
	GlobalSection(ExtensibilityGlobals) = postSolution
		SolutionGuid = {83B04B6B-735E-43B3-ABA3-3A7B140B3139}
	EndGlobalSection
EndGlobal
