
Microsoft Visual Studio Solution File, Format Version 12.00
# Visual Studio Version 16
VisualStudioVersion = 16.0.30717.126
MinimumVisualStudioVersion = 10.0.40219.1
Project("{FAE04EC0-301F-11D3-BF4B-00C04F79EFBC}") = "ConsoleApp5", "ConsoleApp5.csproj", "{1F9C042E-1896-4DF5-ACF2-3F251963AB6D}"
EndProject
Global
	GlobalSection(SolutionConfigurationPlatforms) = preSolution
		Debug|Any CPU = Debug|Any CPU
		Release|Any CPU = Release|Any CPU
	EndGlobalSection
	GlobalSection(ProjectConfigurationPlatforms) = postSolution
		{1F9C042E-1896-4DF5-ACF2-3F251963AB6D}.Debug|Any CPU.ActiveCfg = Debug|Any CPU
		{1F9C042E-1896-4DF5-ACF2-3F251963AB6D}.Debug|Any CPU.Build.0 = Debug|Any CPU
		{1F9C042E-1896-4DF5-ACF2-3F251963AB6D}.Release|Any CPU.ActiveCfg = Release|Any CPU
		{1F9C042E-1896-4DF5-ACF2-3F251963AB6D}.Release|Any CPU.Build.0 = Release|Any CPU
	EndGlobalSection
	GlobalSection(SolutionProperties) = preSolution
		HideSolutionNode = FALSE
	EndGlobalSection
	GlobalSection(ExtensibilityGlobals) = postSolution
		SolutionGuid = {7B6034AA-283D-4A89-84D3-D0C7E602368C}
	EndGlobalSection
EndGlobal
