
Microsoft Visual Studio Solution File, Format Version 12.00
# Visual Studio Version 16
VisualStudioVersion = 16.0.30611.23
MinimumVisualStudioVersion = 10.0.40219.1
Project("{FAE04EC0-301F-11D3-BF4B-00C04F79EFBC}") = "uri1131", "uri1131\uri1131.csproj", "{139B544E-AF04-4153-A3A9-4E2287DC42CC}"
EndProject
Global
	GlobalSection(SolutionConfigurationPlatforms) = preSolution
		Debug|Any CPU = Debug|Any CPU
		Release|Any CPU = Release|Any CPU
	EndGlobalSection
	GlobalSection(ProjectConfigurationPlatforms) = postSolution
		{139B544E-AF04-4153-A3A9-4E2287DC42CC}.Debug|Any CPU.ActiveCfg = Debug|Any CPU
		{139B544E-AF04-4153-A3A9-4E2287DC42CC}.Debug|Any CPU.Build.0 = Debug|Any CPU
		{139B544E-AF04-4153-A3A9-4E2287DC42CC}.Release|Any CPU.ActiveCfg = Release|Any CPU
		{139B544E-AF04-4153-A3A9-4E2287DC42CC}.Release|Any CPU.Build.0 = Release|Any CPU
	EndGlobalSection
	GlobalSection(SolutionProperties) = preSolution
		HideSolutionNode = FALSE
	EndGlobalSection
	GlobalSection(ExtensibilityGlobals) = postSolution
		SolutionGuid = {CE1EEC6C-0AFF-4249-899A-D124EDFF83AD}
	EndGlobalSection
EndGlobal
