
Microsoft Visual Studio Solution File, Format Version 12.00
# Visual Studio Version 16
VisualStudioVersion = 16.0.30523.141
MinimumVisualStudioVersion = 10.0.40219.1
Project("{FAE04EC0-301F-11D3-BF4B-00C04F79EFBC}") = "ExemploResolvido01", "ExemploResolvido01\ExemploResolvido01.csproj", "{CA868599-A0DD-40BF-8ED4-3258A3C94211}"
EndProject
Global
	GlobalSection(SolutionConfigurationPlatforms) = preSolution
		Debug|Any CPU = Debug|Any CPU
		Release|Any CPU = Release|Any CPU
	EndGlobalSection
	GlobalSection(ProjectConfigurationPlatforms) = postSolution
		{CA868599-A0DD-40BF-8ED4-3258A3C94211}.Debug|Any CPU.ActiveCfg = Debug|Any CPU
		{CA868599-A0DD-40BF-8ED4-3258A3C94211}.Debug|Any CPU.Build.0 = Debug|Any CPU
		{CA868599-A0DD-40BF-8ED4-3258A3C94211}.Release|Any CPU.ActiveCfg = Release|Any CPU
		{CA868599-A0DD-40BF-8ED4-3258A3C94211}.Release|Any CPU.Build.0 = Release|Any CPU
	EndGlobalSection
	GlobalSection(SolutionProperties) = preSolution
		HideSolutionNode = FALSE
	EndGlobalSection
	GlobalSection(ExtensibilityGlobals) = postSolution
		SolutionGuid = {29BFE443-2275-4A6E-A81E-4F6E0E9E2D43}
	EndGlobalSection
EndGlobal
