
Microsoft Visual Studio Solution File, Format Version 12.00
# Visual Studio Version 16
VisualStudioVersion = 16.0.30320.27
MinimumVisualStudioVersion = 10.0.40219.1
Project("{FAE04EC0-301F-11D3-BF4B-00C04F79EFBC}") = "aula18exe", "aula18exe\aula18exe.csproj", "{0FF7511B-5A41-4ABB-80BA-428B0EB21191}"
EndProject
Global
	GlobalSection(SolutionConfigurationPlatforms) = preSolution
		Debug|Any CPU = Debug|Any CPU
		Release|Any CPU = Release|Any CPU
	EndGlobalSection
	GlobalSection(ProjectConfigurationPlatforms) = postSolution
		{0FF7511B-5A41-4ABB-80BA-428B0EB21191}.Debug|Any CPU.ActiveCfg = Debug|Any CPU
		{0FF7511B-5A41-4ABB-80BA-428B0EB21191}.Debug|Any CPU.Build.0 = Debug|Any CPU
		{0FF7511B-5A41-4ABB-80BA-428B0EB21191}.Release|Any CPU.ActiveCfg = Release|Any CPU
		{0FF7511B-5A41-4ABB-80BA-428B0EB21191}.Release|Any CPU.Build.0 = Release|Any CPU
	EndGlobalSection
	GlobalSection(SolutionProperties) = preSolution
		HideSolutionNode = FALSE
	EndGlobalSection
	GlobalSection(ExtensibilityGlobals) = postSolution
		SolutionGuid = {5103B954-AC89-4FC9-AA82-C060644D3D64}
	EndGlobalSection
EndGlobal
